
Microsoft Visual Studio Solution File, Format Version 12.00
# Visual Studio Version 17
VisualStudioVersion = 17.0.31903.59
MinimumVisualStudioVersion = 10.0.40219.1
Project("{FAE04EC0-301F-11D3-BF4B-00C04F79EFBC}") = "ExpensesTrackerLibrary", "ExpensesTrackerLibrary\ExpensesTrackerLibrary.csproj", "{5EF09559-5C3E-4EC1-826F-FC17DA654005}"
EndProject
Project("{FAE04EC0-301F-11D3-BF4B-00C04F79EFBC}") = "ExpensesTrackerTests", "ExpensesTrackerTests\ExpensesTrackerTests.csproj", "{8126C38F-86D5-407F-B5FD-3124AEA5AE90}"
EndProject
Project("{FAE04EC0-301F-11D3-BF4B-00C04F79EFBC}") = "ExpensesTrackerUI", "ExpensesTrackerUI\ExpensesTrackerUI.csproj", "{ED0C51EC-800E-496B-A88A-3B5F506579CC}"
EndProject
Global
	GlobalSection(SolutionConfigurationPlatforms) = preSolution
		Debug|Any CPU = Debug|Any CPU
		Release|Any CPU = Release|Any CPU
	EndGlobalSection
	GlobalSection(SolutionProperties) = preSolution
		HideSolutionNode = FALSE
	EndGlobalSection
	GlobalSection(ProjectConfigurationPlatforms) = postSolution
		{5EF09559-5C3E-4EC1-826F-FC17DA654005}.Debug|Any CPU.ActiveCfg = Debug|Any CPU
		{5EF09559-5C3E-4EC1-826F-FC17DA654005}.Debug|Any CPU.Build.0 = Debug|Any CPU
		{5EF09559-5C3E-4EC1-826F-FC17DA654005}.Release|Any CPU.ActiveCfg = Release|Any CPU
		{5EF09559-5C3E-4EC1-826F-FC17DA654005}.Release|Any CPU.Build.0 = Release|Any CPU
		{8126C38F-86D5-407F-B5FD-3124AEA5AE90}.Debug|Any CPU.ActiveCfg = Debug|Any CPU
		{8126C38F-86D5-407F-B5FD-3124AEA5AE90}.Debug|Any CPU.Build.0 = Debug|Any CPU
		{8126C38F-86D5-407F-B5FD-3124AEA5AE90}.Release|Any CPU.ActiveCfg = Release|Any CPU
		{8126C38F-86D5-407F-B5FD-3124AEA5AE90}.Release|Any CPU.Build.0 = Release|Any CPU
		{ED0C51EC-800E-496B-A88A-3B5F506579CC}.Debug|Any CPU.ActiveCfg = Debug|Any CPU
		{ED0C51EC-800E-496B-A88A-3B5F506579CC}.Debug|Any CPU.Build.0 = Debug|Any CPU
		{ED0C51EC-800E-496B-A88A-3B5F506579CC}.Release|Any CPU.ActiveCfg = Release|Any CPU
		{ED0C51EC-800E-496B-A88A-3B5F506579CC}.Release|Any CPU.Build.0 = Release|Any CPU
	EndGlobalSection
EndGlobal
